Microsoft Visual Studio Solution File, Format Version 12.00
# Visual Studio Version 17
VisualStudioVersion = 17.12.35410.144
MinimumVisualStudioVersion = 10.0.40219.1
Project("{2150E333-8FDC-42A3-9474-1A3956D46DE8}") = "Services", "Services", "{B4695EAB-3A44-4FBE-B291-362FAE76AF49}"
	ProjectSection(SolutionItems) = preProject
		Services\docker-compose.yml = Services\docker-compose.yml
		Services\.env = Services\.env
	EndProjectSection
EndProject
Project("{2150E333-8FDC-42A3-9474-1A3956D46DE8}") = "Auth", "Auth", "{A2D2A78C-DB34-4A1D-8798-A55531B20E74}"
EndProject
Project("{FAE04EC0-301F-11D3-BF4B-00C04F79EFBC}") = "Auth.API", "Services\Auth\Auth.API\Auth.API.csproj", "{7B684357-2CE6-46FF-9430-4208376E7848}"
EndProject
Project("{2150E333-8FDC-42A3-9474-1A3956D46DE8}") = "BuildingBlocks", "BuildingBlocks", "{37039373-F96A-4739-ADC6-6D8D30CEE274}"
EndProject
Project("{FAE04EC0-301F-11D3-BF4B-00C04F79EFBC}") = "BuildingBlocks", "BuildingBlocks\BuildingBlocks\BuildingBlocks.csproj", "{DB33B4E3-0207-4CB2-8186-C30F0FFA219B}"
EndProject
Project("{FAE04EC0-301F-11D3-BF4B-00C04F79EFBC}") = "BuildingBlocks.Messaging", "BuildingBlocks\BuildingBlocks.Messaging\BuildingBlocks.Messaging.csproj", "{E0159114-7635-4562-997B-F0662592D7BF}"
EndProject
Project("{FAE04EC0-301F-11D3-BF4B-00C04F79EFBC}") = "Profiles.API", "Services\Profiles\Profiles.API\Profiles.API.csproj", "{4ECD5240-8836-46BF-BA7F-C9A51911B6BD}"
EndProject
Project("{FAE04EC0-301F-11D3-BF4B-00C04F79EFBC}") = "Profiles.Domain", "Services\Profiles\Profiles.Domain\Profiles.Domain.csproj", "{0231D7BB-3235-49DA-8E0D-3AB19CB11858}"
EndProject
Project("{FAE04EC0-301F-11D3-BF4B-00C04F79EFBC}") = "Profiles.Application", "Services\Profiles\Profiles.Application\Profiles.Application.csproj", "{16755256-F8F5-400C-AA1A-C5C3BBC471C2}"
EndProject
Project("{FAE04EC0-301F-11D3-BF4B-00C04F79EFBC}") = "Profiles.Infrastructure", "Services\Profiles\Profiles.Infrastructure\Profiles.Infrastructure.csproj", "{43A55169-EAB6-4099-8150-3B518138E0E6}"
EndProject
Project("{2150E333-8FDC-42A3-9474-1A3956D46DE8}") = "Profiles", "Profiles", "{B1B04D18-896A-4762-9198-E1C1A9C2B66D}"
EndProject
Project("{2150E333-8FDC-42A3-9474-1A3956D46DE8}") = "Posts", "Posts", "{AD5BE2E3-88AB-4770-AE15-F575332E4C5F}"
EndProject
Project("{FAE04EC0-301F-11D3-BF4B-00C04F79EFBC}") = "Posts.API", "Services\Posts\Posts.API\Posts.API.csproj", "{3C2671BB-03D0-42DA-845C-552DD99364BB}"
EndProject
Project("{FAE04EC0-301F-11D3-BF4B-00C04F79EFBC}") = "Posts.Application", "Services\Posts\Posts.Application\Posts.Application.csproj", "{22DF7A26-F54D-4555-8D92-8DF50AF9362A}"
EndProject
Project("{FAE04EC0-301F-11D3-BF4B-00C04F79EFBC}") = "Posts.Domain", "Services\Posts\Posts.Domain\Posts.Domain.csproj", "{952A5E65-2220-40F4-A18D-C198D26763E3}"
EndProject
Project("{FAE04EC0-301F-11D3-BF4B-00C04F79EFBC}") = "Posts.Infrastructure", "Services\Posts\Posts.Infrastructure\Posts.Infrastructure.csproj", "{D993BA23-C069-4CE8-A7BF-1A0047DA8C1B}"
EndProject
Project("{2150E333-8FDC-42A3-9474-1A3956D46DE8}") = "Interaction", "Interaction", "{3A7AFE51-F97C-4F71-A9A2-75BA006DE264}"
EndProject
Project("{FAE04EC0-301F-11D3-BF4B-00C04F79EFBC}") = "Interaction.API", "Services\Interaction\Interaction.API\Interaction.API.csproj", "{A894B148-8BAF-4566-962C-C7AEDF9FB665}"
EndProject
Project("{FAE04EC0-301F-11D3-BF4B-00C04F79EFBC}") = "Interaction.Domain", "Services\Interaction\Interaction.Domain\Interaction.Domain.csproj", "{B645B2AC-15E2-45EA-9859-60270F216B73}"
EndProject
Project("{FAE04EC0-301F-11D3-BF4B-00C04F79EFBC}") = "Interaction.Application", "Services\Interaction\Interaction.Application\Interaction.Application.csproj", "{A335ED18-3532-4CF8-BD68-875D8EDF1B9E}"
EndProject
Project("{FAE04EC0-301F-11D3-BF4B-00C04F79EFBC}") = "Interaction.Infrastructure", "Services\Interaction\Interaction.Infrastructure\Interaction.Infrastructure.csproj", "{19A5EFBF-7A2D-4FA4-AF01-6D7C79017090}"
EndProject
Project("{2150E333-8FDC-42A3-9474-1A3956D46DE8}") = "Gateway", "Gateway", "{52786D4B-3FEF-4B3C-959D-FAA5F28E6ECF}"
EndProject
Project("{FAE04EC0-301F-11D3-BF4B-00C04F79EFBC}") = "Gateway.YARP", "Gateway\Gateway.YARP\Gateway.YARP.csproj", "{20C66F5C-AEDF-4FEC-AD4E-CE9DCFB14414}"
EndProject
Global
	GlobalSection(SolutionConfigurationPlatforms) = preSolution
		Debug|Any CPU = Debug|Any CPU
		Release|Any CPU = Release|Any CPU
	EndGlobalSection
	GlobalSection(ProjectConfigurationPlatforms) = postSolution
		{7B684357-2CE6-46FF-9430-4208376E7848}.Debug|Any CPU.ActiveCfg = Debug|Any CPU
		{7B684357-2CE6-46FF-9430-4208376E7848}.Debug|Any CPU.Build.0 = Debug|Any CPU
		{7B684357-2CE6-46FF-9430-4208376E7848}.Release|Any CPU.ActiveCfg = Release|Any CPU
		{7B684357-2CE6-46FF-9430-4208376E7848}.Release|Any CPU.Build.0 = Release|Any CPU
		{DB33B4E3-0207-4CB2-8186-C30F0FFA219B}.Debug|Any CPU.ActiveCfg = Debug|Any CPU
		{DB33B4E3-0207-4CB2-8186-C30F0FFA219B}.Debug|Any CPU.Build.0 = Debug|Any CPU
		{DB33B4E3-0207-4CB2-8186-C30F0FFA219B}.Release|Any CPU.ActiveCfg = Release|Any CPU
		{DB33B4E3-0207-4CB2-8186-C30F0FFA219B}.Release|Any CPU.Build.0 = Release|Any CPU
		{E0159114-7635-4562-997B-F0662592D7BF}.Debug|Any CPU.ActiveCfg = Debug|Any CPU
		{E0159114-7635-4562-997B-F0662592D7BF}.Debug|Any CPU.Build.0 = Debug|Any CPU
		{E0159114-7635-4562-997B-F0662592D7BF}.Release|Any CPU.ActiveCfg = Release|Any CPU
		{E0159114-7635-4562-997B-F0662592D7BF}.Release|Any CPU.Build.0 = Release|Any CPU
		{4ECD5240-8836-46BF-BA7F-C9A51911B6BD}.Debug|Any CPU.ActiveCfg = Debug|Any CPU
		{4ECD5240-8836-46BF-BA7F-C9A51911B6BD}.Debug|Any CPU.Build.0 = Debug|Any CPU
		{4ECD5240-8836-46BF-BA7F-C9A51911B6BD}.Release|Any CPU.ActiveCfg = Release|Any CPU
		{4ECD5240-8836-46BF-BA7F-C9A51911B6BD}.Release|Any CPU.Build.0 = Release|Any CPU
		{0231D7BB-3235-49DA-8E0D-3AB19CB11858}.Debug|Any CPU.ActiveCfg = Debug|Any CPU
		{0231D7BB-3235-49DA-8E0D-3AB19CB11858}.Debug|Any CPU.Build.0 = Debug|Any CPU
		{0231D7BB-3235-49DA-8E0D-3AB19CB11858}.Release|Any CPU.ActiveCfg = Release|Any CPU
		{0231D7BB-3235-49DA-8E0D-3AB19CB11858}.Release|Any CPU.Build.0 = Release|Any CPU
		{16755256-F8F5-400C-AA1A-C5C3BBC471C2}.Debug|Any CPU.ActiveCfg = Debug|Any CPU
		{16755256-F8F5-400C-AA1A-C5C3BBC471C2}.Debug|Any CPU.Build.0 = Debug|Any CPU
		{16755256-F8F5-400C-AA1A-C5C3BBC471C2}.Release|Any CPU.ActiveCfg = Release|Any CPU
		{16755256-F8F5-400C-AA1A-C5C3BBC471C2}.Release|Any CPU.Build.0 = Release|Any CPU
		{43A55169-EAB6-4099-8150-3B518138E0E6}.Debug|Any CPU.ActiveCfg = Debug|Any CPU
		{43A55169-EAB6-4099-8150-3B518138E0E6}.Debug|Any CPU.Build.0 = Debug|Any CPU
		{43A55169-EAB6-4099-8150-3B518138E0E6}.Release|Any CPU.ActiveCfg = Release|Any CPU
		{43A55169-EAB6-4099-8150-3B518138E0E6}.Release|Any CPU.Build.0 = Release|Any CPU
		{3C2671BB-03D0-42DA-845C-552DD99364BB}.Debug|Any CPU.ActiveCfg = Debug|Any CPU
		{3C2671BB-03D0-42DA-845C-552DD99364BB}.Debug|Any CPU.Build.0 = Debug|Any CPU
		{3C2671BB-03D0-42DA-845C-552DD99364BB}.Release|Any CPU.ActiveCfg = Release|Any CPU
		{3C2671BB-03D0-42DA-845C-552DD99364BB}.Release|Any CPU.Build.0 = Release|Any CPU
		{22DF7A26-F54D-4555-8D92-8DF50AF9362A}.Debug|Any CPU.ActiveCfg = Debug|Any CPU
		{22DF7A26-F54D-4555-8D92-8DF50AF9362A}.Debug|Any CPU.Build.0 = Debug|Any CPU
		{22DF7A26-F54D-4555-8D92-8DF50AF9362A}.Release|Any CPU.ActiveCfg = Release|Any CPU
		{22DF7A26-F54D-4555-8D92-8DF50AF9362A}.Release|Any CPU.Build.0 = Release|Any CPU
		{952A5E65-2220-40F4-A18D-C198D26763E3}.Debug|Any CPU.ActiveCfg = Debug|Any CPU
		{952A5E65-2220-40F4-A18D-C198D26763E3}.Debug|Any CPU.Build.0 = Debug|Any CPU
		{952A5E65-2220-40F4-A18D-C198D26763E3}.Release|Any CPU.ActiveCfg = Release|Any CPU
		{952A5E65-2220-40F4-A18D-C198D26763E3}.Release|Any CPU.Build.0 = Release|Any CPU
		{D993BA23-C069-4CE8-A7BF-1A0047DA8C1B}.Debug|Any CPU.ActiveCfg = Debug|Any CPU
		{D993BA23-C069-4CE8-A7BF-1A0047DA8C1B}.Debug|Any CPU.Build.0 = Debug|Any CPU
		{D993BA23-C069-4CE8-A7BF-1A0047DA8C1B}.Release|Any CPU.ActiveCfg = Release|Any CPU
		{D993BA23-C069-4CE8-A7BF-1A0047DA8C1B}.Release|Any CPU.Build.0 = Release|Any CPU
		{A894B148-8BAF-4566-962C-C7AEDF9FB665}.Debug|Any CPU.ActiveCfg = Debug|Any CPU
		{A894B148-8BAF-4566-962C-C7AEDF9FB665}.Debug|Any CPU.Build.0 = Debug|Any CPU
		{A894B148-8BAF-4566-962C-C7AEDF9FB665}.Release|Any CPU.ActiveCfg = Release|Any CPU
		{A894B148-8BAF-4566-962C-C7AEDF9FB665}.Release|Any CPU.Build.0 = Release|Any CPU
		{B645B2AC-15E2-45EA-9859-60270F216B73}.Debug|Any CPU.ActiveCfg = Debug|Any CPU
		{B645B2AC-15E2-45EA-9859-60270F216B73}.Debug|Any CPU.Build.0 = Debug|Any CPU
		{B645B2AC-15E2-45EA-9859-60270F216B73}.Release|Any CPU.ActiveCfg = Release|Any CPU
		{B645B2AC-15E2-45EA-9859-60270F216B73}.Release|Any CPU.Build.0 = Release|Any CPU
		{A335ED18-3532-4CF8-BD68-875D8EDF1B9E}.Debug|Any CPU.ActiveCfg = Debug|Any CPU
		{A335ED18-3532-4CF8-BD68-875D8EDF1B9E}.Debug|Any CPU.Build.0 = Debug|Any CPU
		{A335ED18-3532-4CF8-BD68-875D8EDF1B9E}.Release|Any CPU.ActiveCfg = Release|Any CPU
		{A335ED18-3532-4CF8-BD68-875D8EDF1B9E}.Release|Any CPU.Build.0 = Release|Any CPU
		{19A5EFBF-7A2D-4FA4-AF01-6D7C79017090}.Debug|Any CPU.ActiveCfg = Debug|Any CPU
		{19A5EFBF-7A2D-4FA4-AF01-6D7C79017090}.Debug|Any CPU.Build.0 = Debug|Any CPU
		{19A5EFBF-7A2D-4FA4-AF01-6D7C79017090}.Release|Any CPU.ActiveCfg = Release|Any CPU
		{19A5EFBF-7A2D-4FA4-AF01-6D7C79017090}.Release|Any CPU.Build.0 = Release|Any CPU
		{20C66F5C-AEDF-4FEC-AD4E-CE9DCFB14414}.Debug|Any CPU.ActiveCfg = Debug|Any CPU
		{20C66F5C-AEDF-4FEC-AD4E-CE9DCFB14414}.Debug|Any CPU.Build.0 = Debug|Any CPU
		{20C66F5C-AEDF-4FEC-AD4E-CE9DCFB14414}.Release|Any CPU.ActiveCfg = Release|Any CPU
		{20C66F5C-AEDF-4FEC-AD4E-CE9DCFB14414}.Release|Any CPU.Build.0 = Release|Any CPU
	EndGlobalSection
	GlobalSection(SolutionProperties) = preSolution
		HideSolutionNode = FALSE
	EndGlobalSection
	GlobalSection(NestedProjects) = preSolution
		{A2D2A78C-DB34-4A1D-8798-A55531B20E74} = {B4695EAB-3A44-4FBE-B291-362FAE76AF49}
		{7B684357-2CE6-46FF-9430-4208376E7848} = {A2D2A78C-DB34-4A1D-8798-A55531B20E74}
		{DB33B4E3-0207-4CB2-8186-C30F0FFA219B} = {37039373-F96A-4739-ADC6-6D8D30CEE274}
		{E0159114-7635-4562-997B-F0662592D7BF} = {37039373-F96A-4739-ADC6-6D8D30CEE274}
		{4ECD5240-8836-46BF-BA7F-C9A51911B6BD} = {B1B04D18-896A-4762-9198-E1C1A9C2B66D}
		{0231D7BB-3235-49DA-8E0D-3AB19CB11858} = {B1B04D18-896A-4762-9198-E1C1A9C2B66D}
		{16755256-F8F5-400C-AA1A-C5C3BBC471C2} = {B1B04D18-896A-4762-9198-E1C1A9C2B66D}
		{43A55169-EAB6-4099-8150-3B518138E0E6} = {B1B04D18-896A-4762-9198-E1C1A9C2B66D}
		{B1B04D18-896A-4762-9198-E1C1A9C2B66D} = {B4695EAB-3A44-4FBE-B291-362FAE76AF49}
		{AD5BE2E3-88AB-4770-AE15-F575332E4C5F} = {B4695EAB-3A44-4FBE-B291-362FAE76AF49}
		{3C2671BB-03D0-42DA-845C-552DD99364BB} = {AD5BE2E3-88AB-4770-AE15-F575332E4C5F}
		{22DF7A26-F54D-4555-8D92-8DF50AF9362A} = {AD5BE2E3-88AB-4770-AE15-F575332E4C5F}
		{952A5E65-2220-40F4-A18D-C198D26763E3} = {AD5BE2E3-88AB-4770-AE15-F575332E4C5F}
		{D993BA23-C069-4CE8-A7BF-1A0047DA8C1B} = {AD5BE2E3-88AB-4770-AE15-F575332E4C5F}
		{3A7AFE51-F97C-4F71-A9A2-75BA006DE264} = {B4695EAB-3A44-4FBE-B291-362FAE76AF49}
		{A894B148-8BAF-4566-962C-C7AEDF9FB665} = {3A7AFE51-F97C-4F71-A9A2-75BA006DE264}
		{B645B2AC-15E2-45EA-9859-60270F216B73} = {3A7AFE51-F97C-4F71-A9A2-75BA006DE264}
		{A335ED18-3532-4CF8-BD68-875D8EDF1B9E} = {3A7AFE51-F97C-4F71-A9A2-75BA006DE264}
		{19A5EFBF-7A2D-4FA4-AF01-6D7C79017090} = {3A7AFE51-F97C-4F71-A9A2-75BA006DE264}
		{20C66F5C-AEDF-4FEC-AD4E-CE9DCFB14414} = {52786D4B-3FEF-4B3C-959D-FAA5F28E6ECF}
		{52786D4B-3FEF-4B3C-959D-FAA5F28E6ECF} = {B4695EAB-3A44-4FBE-B291-362FAE76AF49}
	EndGlobalSection
EndGlobal
